{
  "name": "libraryjs",
  "version": "1.0.0",
  "lockfileVersion": 3,
  "requires": true,
  "packages": {
    "": {
      "name": "libraryjs",
      "version": "1.0.0",
      "license": "ISC",
      "dependencies": {
        "randomskjs": "^1.0.0"
      }
    },
    "node_modules/randomskjs": {
      "version": "1.0.0",
      "resolved": "https://registry.npmjs.org/randomskjs/-/randomskjs-1.0.0.tgz",
      "integrity": "sha512-Ll3us1Neo3AcdTXWQcxYllb2JFD41zVRCAEi1sLMOW3wbuFG9BQfX8gRoFtKnJKWlR4NHHezuf4GBvbGgfBjgQ=="
    }
  }
}
